
Microsoft Visual Studio Solution File, Format Version 12.00
# Visual Studio Version 17
VisualStudioVersion = 17.5.33530.505
MinimumVisualStudioVersion = 10.0.40219.1
Project("{FAE04EC0-301F-11D3-BF4B-00C04F79EFBC}") = "TrainingPractice_03", "TrainingPractice_03.csproj", "{A492CB2E-58EC-4DEF-B8EA-F94DE03827F2}"
EndProject
Global
	GlobalSection(SolutionConfigurationPlatforms) = preSolution
		Debug|Any CPU = Debug|Any CPU
		Release|Any CPU = Release|Any CPU
	EndGlobalSection
	GlobalSection(ProjectConfigurationPlatforms) = postSolution
		{A492CB2E-58EC-4DEF-B8EA-F94DE03827F2}.Debug|Any CPU.ActiveCfg = Debug|Any CPU
		{A492CB2E-58EC-4DEF-B8EA-F94DE03827F2}.Debug|Any CPU.Build.0 = Debug|Any CPU
		{A492CB2E-58EC-4DEF-B8EA-F94DE03827F2}.Release|Any CPU.ActiveCfg = Release|Any CPU
		{A492CB2E-58EC-4DEF-B8EA-F94DE03827F2}.Release|Any CPU.Build.0 = Release|Any CPU
	EndGlobalSection
	GlobalSection(SolutionProperties) = preSolution
		HideSolutionNode = FALSE
	EndGlobalSection
	GlobalSection(ExtensibilityGlobals) = postSolution
		SolutionGuid = {2228438A-7E3C-4645-9222-10FFCCA0FDFF}
	EndGlobalSection
EndGlobal
